// !$*UTF8*$!
{
	archiveVersion = 1;
	classes = {
	};
	objectVersion = 50;
	objects = {

/* Begin PBXBuildFile section */
		DDB83C7F270826E50026BFAE /* AppDelegate.swift in Sources */ = {isa = PBXBuildFile; fileRef = DDB83C7E270826E50026BFAE /* AppDelegate.swift */; };
		DDB83C81270826E50026BFAE /* SceneDelegate.swift in Sources */ = {isa = PBXBuildFile; fileRef = DDB83C80270826E50026BFAE /* SceneDelegate.swift */; };
		DDB83C83270826E50026BFAE /* ViewController.swift in Sources */ = {isa = PBXBuildFile; fileRef = DDB83C82270826E50026BFAE /* ViewController.swift */; };
		DDB83C86270826E50026BFAE /* Main.storyboard in Resources */ = {isa = PBXBuildFile; fileRef = DDB83C84270826E50026BFAE /* Main.storyboard */; };
		DDB83C88270826E50026BFAE /* Assets.xcassets in Resources */ = {isa = PBXBuildFile; fileRef = DDB83C87270826E50026BFAE /* Assets.xcassets */; };
		DDB83C8B270826E60026BFAE /* LaunchScreen.storyboard in Resources */ = {isa = PBXBuildFile; fileRef = DDB83C89270826E60026BFAE /* LaunchScreen.storyboard */; };
		DDB83C932708380F0026BFAE /* NextModalViewController.swift in Sources */ = {isa = PBXBuildFile; fileRef = DDB83C922708380F0026BFAE /* NextModalViewController.swift */; };
		DDB83C9527083D8D0026BFAE /* OrangeViewController.swift in Sources */ = {isa = PBXBuildFile; fileRef = DDB83C9427083D8D0026BFAE /* OrangeViewController.swift */; };
		DDB83C9727083D9C0026BFAE /* PurpleViewController.swift in Sources */ = {isa = PBXBuildFile; fileRef = DDB83C9627083D9C0026BFAE /* PurpleViewController.swift */; };
/* End PBXBuildFile section */

/* Begin PBXFileReference section */
		DDB83C7B270826E50026BFAE /* week1.app */ = {isa = PBXFileReference; explicitFileType = wrapper.application; includeInIndex = 0; path = week1.app; sourceTree = BUILT_PRODUCTS_DIR; };
		DDB83C7E270826E50026BFAE /* AppDelegate.swift */ = {isa = PBXFileReference; lastKnownFileType = sourcecode.swift; path = AppDelegate.swift; sourceTree = "<group>"; };
		DDB83C80270826E50026BFAE /* SceneDelegate.swift */ = {isa = PBXFileReference; lastKnownFileType = sourcecode.swift; path = SceneDelegate.swift; sourceTree = "<group>"; };
		DDB83C82270826E50026BFAE /* ViewController.swift */ = {isa = PBXFileReference; lastKnownFileType = sourcecode.swift; path = ViewController.swift; sourceTree = "<group>"; };
		DDB83C85270826E50026BFAE /* Base */ = {isa = PBXFileReference; lastKnownFileType = file.storyboard; name = Base; path = Base.lproj/Main.storyboard; sourceTree = "<group>"; };
		DDB83C87270826E50026BFAE /* Assets.xcassets */ = {isa = PBXFileReference; lastKnownFileType = folder.assetcatalog; path = Assets.xcassets; sourceTree = "<group>"; };
		DDB83C8A270826E60026BFAE /* Base */ = {isa = PBXFileReference; lastKnownFileType = file.storyboard; name = Base; path = Base.lproj/LaunchScreen.storyboard; sourceTree = "<group>"; };
		DDB83C8C270826E60026BFAE /* Info.plist */ = {isa = PBXFileReference; lastKnownFileType = text.plist.xml; path = Info.plist; sourceTree = "<group>"; };
		DDB83C922708380F0026BFAE /* NextModalViewController.swift */ = {isa = PBXFileReference; lastKnownFileType = sourcecode.swift; path = NextModalViewController.swift; sourceTree = "<group>"; };
		DDB83C9427083D8D0026BFAE /* OrangeViewController.swift */ = {isa = PBXFileReference; lastKnownFileType = sourcecode.swift; path = OrangeViewController.swift; sourceTree = "<group>"; };
		DDB83C9627083D9C0026BFAE /* PurpleViewController.swift */ = {isa = PBXFileReference; lastKnownFileType = sourcecode.swift; path = PurpleViewController.swift; sourceTree = "<group>"; };
/* End PBXFileReference section */

/* Begin PBXFrameworksBuildPhase section */
		DDB83C78270826E50026BFAE /* Frameworks */ = {
			isa = PBXFrameworksBuildPhase;
			buildActionMask = 2147483647;
			files = (
			);
			runOnlyForDeploymentPostprocessing = 0;
		};
/* End PBXFrameworksBuildPhase section */

/* Begin PBXGroup section */
		DDB83C72270826E50026BFAE = {
			isa = PBXGroup;
			children = (
				DDB83C7D270826E50026BFAE /* week1 */,
				DDB83C7C270826E50026BFAE /* Products */,
			);
			sourceTree = "<group>";
		};
		DDB83C7C270826E50026BFAE /* Products */ = {
			isa = PBXGroup;
			children = (
				DDB83C7B270826E50026BFAE /* week1.app */,
			);
			name = Products;
			sourceTree = "<group>";
		};
		DDB83C7D270826E50026BFAE /* week1 */ = {
			isa = PBXGroup;
			children = (
				DDB83C7E270826E50026BFAE /* AppDelegate.swift */,
				DDB83C80270826E50026BFAE /* SceneDelegate.swift */,
				DDB83C82270826E50026BFAE /* ViewController.swift */,
				DDB83C84270826E50026BFAE /* Main.storyboard */,
				DDB83C87270826E50026BFAE /* Assets.xcassets */,
				DDB83C89270826E60026BFAE /* LaunchScreen.storyboard */,
				DDB83C8C270826E60026BFAE /* Info.plist */,
				DDB83C922708380F0026BFAE /* NextModalViewController.swift */,
				DDB83C9427083D8D0026BFAE /* OrangeViewController.swift */,
				DDB83C9627083D9C0026BFAE /* PurpleViewController.swift */,
			);
			path = week1;
			sourceTree = "<group>";
		};
/* End PBXGroup section */

/* Begin PBXNativeTarget section */
		DDB83C7A270826E50026BFAE /* week1 */ = {
			isa = PBXNativeTarget;
			buildConfigurationList = DDB83C8F270826E60026BFAE /* Build configuration list for PBXNativeTarget "week1" */;
			buildPhases = (
				DDB83C77270826E50026BFAE /* Sources */,
				DDB83C78270826E50026BFAE /* Frameworks */,
				DDB83C79270826E50026BFAE /* Resources */,
			);
			buildRules = (
			);
			dependencies = (
			);
			name = week1;
			productName = week1;
			productReference = DDB83C7B270826E50026BFAE /* week1.app */;
			productType = "com.apple.product-type.application";
		};
/* End PBXNativeTarget section */

/* Begin PBXProject section */
		DDB83C73270826E50026BFAE /* Project object */ = {
			isa = PBXProject;
			attributes = {
				LastSwiftUpdateCheck = 1250;
				LastUpgradeCheck = 1250;
				TargetAttributes = {
					DDB83C7A270826E50026BFAE = {
						CreatedOnToolsVersion = 12.5.1;
					};
				};
			};
			buildConfigurationList = DDB83C76270826E50026BFAE /* Build configuration list for PBXProject "week1" */;
			compatibilityVersion = "Xcode 9.3";
			developmentRegion = en;
			hasScannedForEncodings = 0;
			knownRegions = (
				en,
				Base,
			);
			mainGroup = DDB83C72270826E50026BFAE;
			productRefGroup = DDB83C7C270826E50026BFAE /* Products */;
			projectDirPath = "";
			projectRoot = "";
			targets = (
				DDB83C7A270826E50026BFAE /* week1 */,
			);
		};
/* End PBXProject section */

/* Begin PBXResourcesBuildPhase section */
		DDB83C79270826E50026BFAE /* Resources */ = {
			isa = PBXResourcesBuildPhase;
			buildActionMask = 2147483647;
			files = (
				DDB83C8B270826E60026BFAE /* LaunchScreen.storyboard in Resources */,
				DDB83C88270826E50026BFAE /* Assets.xcassets in Resources */,
				DDB83C86270826E50026BFAE /* Main.storyboard in Resources */,
			);
			runOnlyForDeploymentPostprocessing = 0;
		};
/* End PBXResourcesBuildPhase section */

/* Begin PBXSourcesBuildPhase section */
		DDB83C77270826E50026BFAE /* Sources */ = {
			isa = PBXSourcesBuildPhase;
			buildActionMask = 2147483647;
			files = (
				DDB83C83270826E50026BFAE /* ViewController.swift in Sources */,
				DDB83C9527083D8D0026BFAE /* OrangeViewController.swift in Sources */,
				DDB83C9727083D9C0026BFAE /* PurpleViewController.swift in Sources */,
				DDB83C7F270826E50026BFAE /* AppDelegate.swift in Sources */,
				DDB83C81270826E50026BFAE /* SceneDelegate.swift in Sources */,
				DDB83C932708380F0026BFAE /* NextModalViewController.swift in Sources */,
			);
			runOnlyForDeploymentPostprocessing = 0;
		};
/* End PBXSourcesBuildPhase section */

/* Begin PBXVariantGroup section */
		DDB83C84270826E50026BFAE /* Main.storyboard */ = {
			isa = PBXVariantGroup;
			children = (
				DDB83C85270826E50026BFAE /* Base */,
			);
			name = Main.storyboard;
			sourceTree = "<group>";
		};
		DDB83C89270826E60026BFAE /* LaunchScreen.storyboard */ = {
			isa = PBXVariantGroup;
			children = (
				DDB83C8A270826E60026BFAE /* Base */,
			);
			name = LaunchScreen.storyboard;
			sourceTree = "<group>";
		};
/* End PBXVariantGroup section */

/* Begin XCBuildConfiguration section */
		DDB83C8D270826E60026BFAE /* Debug */ = {
			isa = XCBuildConfiguration;
			buildSettings = {
				ALWAYS_SEARCH_USER_PATHS = NO;
				CLANG_ANALYZER_NONNULL = YES;
				CLANG_ANALYZER_NUMBER_OBJECT_CONVERSION = YES_AGGRESSIVE;
				CLANG_CXX_LANGUAGE_STANDARD = "gnu++14";
				CLANG_CXX_LIBRARY = "libc++";
				CLANG_ENABLE_MODULES = YES;
				CLANG_ENABLE_OBJC_ARC = YES;
				CLANG_ENABLE_OBJC_WEAK = YES;
				CLANG_WARN_BLOCK_CAPTURE_AUTORELEASING = YES;
				CLANG_WARN_BOOL_CONVERSION = YES;
				CLANG_WARN_COMMA = YES;
				CLANG_WARN_CONSTANT_CONVERSION = YES;
				CLANG_WARN_DEPRECATED_OBJC_IMPLEMENTATIONS = YES;
				CLANG_WARN_DIRECT_OBJC_ISA_USAGE = YES_ERROR;
				CLANG_WARN_DOCUMENTATION_COMMENTS = YES;
				CLANG_WARN_EMPTY_BODY = YES;
				CLANG_WARN_ENUM_CONVERSION = YES;
				CLANG_WARN_INFINITE_RECURSION = YES;
				CLANG_WARN_INT_CONVERSION = YES;
				CLANG_WARN_NON_LITERAL_NULL_CONVERSION = YES;
				CLANG_WARN_OBJC_IMPLICIT_RETAIN_SELF = YES;
				CLANG_WARN_OBJC_LITERAL_CONVERSION = YES;
				CLANG_WARN_OBJC_ROOT_CLASS = YES_ERROR;
				CLANG_WARN_QUOTED_INCLUDE_IN_FRAMEWORK_HEADER = YES;
				CLANG_WARN_RANGE_LOOP_ANALYSIS = YES;
				CLANG_WARN_STRICT_PROTOTYPES = YES;
				CLANG_WARN_SUSPICIOUS_MOVE = YES;
				CLANG_WARN_UNGUARDED_AVAILABILITY = YES_AGGRESSIVE;
				CLANG_WARN_UNREACHABLE_CODE = YES;
				CLANG_WARN__DUPLICATE_METHOD_MATCH = YES;
				COPY_PHASE_STRIP = NO;
				DEBUG_INFORMATION_FORMAT = dwarf;
				ENABLE_STRICT_OBJC_MSGSEND = YES;
				ENABLE_TESTABILITY = YES;
				GCC_C_LANGUAGE_STANDARD = gnu11;
				GCC_DYNAMIC_NO_PIC = NO;
				GCC_NO_COMMON_BLOCKS = YES;
				GCC_OPTIMIZATION_LEVEL = 0;
				GCC_PREPROCESSOR_DEFINITIONS = (
					"DEBUG=1",
					"$(inherited)",
				);
				GCC_WARN_64_TO_32_BIT_CONVERSION = YES;
				GCC_WARN_ABOUT_RETURN_TYPE = YES_ERROR;
				GCC_WARN_UNDECLARED_SELECTOR = YES;
				GCC_WARN_UNINITIALIZED_AUTOS = YES_AGGRESSIVE;
				GCC_WARN_UNUSED_FUNCTION = YES;
				GCC_WARN_UNUSED_VARIABLE = YES;
				IPHONEOS_DEPLOYMENT_TARGET = 14.5;
				MTL_ENABLE_DEBUG_INFO = INCLUDE_SOURCE;
				MTL_FAST_MATH = YES;
				ONLY_ACTIVE_ARCH = YES;
				SDKROOT = iphoneos;
				SWIFT_ACTIVE_COMPILATION_CONDITIONS = DEBUG;
				SWIFT_OPTIMIZATION_LEVEL = "-Onone";
			};
			name = Debug;
		};
		DDB83C8E270826E60026BFAE /* Release */ = {
			isa = XCBuildConfiguration;
			buildSettings = {
				ALWAYS_SEARCH_USER_PATHS = NO;
				CLANG_ANALYZER_NONNULL = YES;
				CLANG_ANALYZER_NUMBER_OBJECT_CONVERSION = YES_AGGRESSIVE;
				CLANG_CXX_LANGUAGE_STANDARD = "gnu++14";
				CLANG_CXX_LIBRARY = "libc++";
				CLANG_ENABLE_MODULES = YES;
				CLANG_ENABLE_OBJC_ARC = YES;
				CLANG_ENABLE_OBJC_WEAK = YES;
				CLANG_WARN_BLOCK_CAPTURE_AUTORELEASING = YES;
				CLANG_WARN_BOOL_CONVERSION = YES;
				CLANG_WARN_COMMA = YES;
				CLANG_WARN_CONSTANT_CONVERSION = YES;
				CLANG_WARN_DEPRECATED_OBJC_IMPLEMENTATIONS = YES;
				CLANG_WARN_DIRECT_OBJC_ISA_USAGE = YES_ERROR;
				CLANG_WARN_DOCUMENTATION_COMMENTS = YES;
				CLANG_WARN_EMPTY_BODY = YES;
				CLANG_WARN_ENUM_CONVERSION = YES;
				CLANG_WARN_INFINITE_RECURSION = YES;
				CLANG_WARN_INT_CONVERSION = YES;
				CLANG_WARN_NON_LITERAL_NULL_CONVERSION = YES;
				CLANG_WARN_OBJC_IMPLICIT_RETAIN_SELF = YES;
				CLANG_WARN_OBJC_LITERAL_CONVERSION = YES;
				CLANG_WARN_OBJC_ROOT_CLASS = YES_ERROR;
				CLANG_WARN_QUOTED_INCLUDE_IN_FRAMEWORK_HEADER = YES;
				CLANG_WARN_RANGE_LOOP_ANALYSIS = YES;
				CLANG_WARN_STRICT_PROTOTYPES = YES;
				CLANG_WARN_SUSPICIOUS_MOVE = YES;
				CLANG_WARN_UNGUARDED_AVAILABILITY = YES_AGGRESSIVE;
				CLANG_WARN_UNREACHABLE_CODE = YES;
				CLANG_WARN__DUPLICATE_METHOD_MATCH = YES;
				COPY_PHASE_STRIP = NO;
				DEBUG_INFORMATION_FORMAT = "dwarf-with-dsym";
				ENABLE_NS_ASSERTIONS = NO;
				ENABLE_STRICT_OBJC_MSGSEND = YES;
				GCC_C_LANGUAGE_STANDARD = gnu11;
				GCC_NO_COMMON_BLOCKS = YES;
				GCC_WARN_64_TO_32_BIT_CONVERSION = YES;
				GCC_WARN_ABOUT_RETURN_TYPE = YES_ERROR;
				GCC_WARN_UNDECLARED_SELECTOR = YES;
				GCC_WARN_UNINITIALIZED_AUTOS = YES_AGGRESSIVE;
				GCC_WARN_UNUSED_FUNCTION = YES;
				GCC_WARN_UNUSED_VARIABLE = YES;
				IPHONEOS_DEPLOYMENT_TARGET = 14.5;
				MTL_ENABLE_DEBUG_INFO = NO;
				MTL_FAST_MATH = YES;
				SDKROOT = iphoneos;
				SWIFT_COMPILATION_MODE = wholemodule;
				SWIFT_OPTIMIZATION_LEVEL = "-O";
				VALIDATE_PRODUCT = YES;
			};
			name = Release;
		};
		DDB83C90270826E60026BFAE /* Debug */ = {
			isa = XCBuildConfiguration;
			buildSettings = {
				ASSETCATALOG_COMPILER_APPICON_NAME = AppIcon;
				ASSETCATALOG_COMPILER_GLOBAL_ACCENT_COLOR_NAME = AccentColor;
				CODE_SIGN_STYLE = Automatic;
				INFOPLIST_FILE = week1/Info.plist;
				LD_RUNPATH_SEARCH_PATHS = (
					"$(inherited)",
					"@executable_path/Frameworks",
				);
				PRODUCT_BUNDLE_IDENTIFIER = com.ezidayzi.week1;
				PRODUCT_NAME = "$(TARGET_NAME)";
				SWIFT_VERSION = 5.0;
				TARGETED_DEVICE_FAMILY = "1,2";
			};
			name = Debug;
		};
		DDB83C91270826E60026BFAE /* Release */ = {
			isa = XCBuildConfiguration;
			buildSettings = {
				ASSETCATALOG_COMPILER_APPICON_NAME = AppIcon;
				ASSETCATALOG_COMPILER_GLOBAL_ACCENT_COLOR_NAME = AccentColor;
				CODE_SIGN_STYLE = Automatic;
				INFOPLIST_FILE = week1/Info.plist;
				LD_RUNPATH_SEARCH_PATHS = (
					"$(inherited)",
					"@executable_path/Frameworks",
				);
				PRODUCT_BUNDLE_IDENTIFIER = com.ezidayzi.week1;
				PRODUCT_NAME = "$(TARGET_NAME)";
				SWIFT_VERSION = 5.0;
				TARGETED_DEVICE_FAMILY = "1,2";
			};
			name = Release;
		};
/* End XCBuildConfiguration section */

/* Begin XCConfigurationList section */
		DDB83C76270826E50026BFAE /* Build configuration list for PBXProject "week1" */ = {
			isa = XCConfigurationList;
			buildConfigurations = (
				DDB83C8D270826E60026BFAE /* Debug */,
				DDB83C8E270826E60026BFAE /* Release */,
			);
			defaultConfigurationIsVisible = 0;
			defaultConfigurationName = Release;
		};
		DDB83C8F270826E60026BFAE /* Build configuration list for PBXNativeTarget "week1" */ = {
			isa = XCConfigurationList;
			buildConfigurations = (
				DDB83C90270826E60026BFAE /* Debug */,
				DDB83C91270826E60026BFAE /* Release */,
			);
			defaultConfigurationIsVisible = 0;
			defaultConfigurationName = Release;
		};
/* End XCConfigurationList section */
	};
	rootObject = DDB83C73270826E50026BFAE /* Project object */;
}
